<?xml version="1.0" encoding="UTF-8"?>
<!DOCTYPE plist PUBLIC "-//Apple//DTD PLIST 1.0//EN" "http://www.apple.com/DTDs/PropertyList-1.0.dtd">
<plist version="1.0">
<dict>
	<key>archiveVersion</key>
	<string>1</string>
	<key>classes</key>
	<dict/>
	<key>objectVersion</key>
	<string>46</string>
	<key>objects</key>
	<dict>
		<key>18F1361418C1C5E900436637</key>
		<dict>
			<key>children</key>
			<array>
				<string>18F1361518C1C5E900436637</string>
				<string>18F1361618C1C5E900436637</string>
				<string>18F1361718C1C5E900436637</string>
			</array>
			<key>isa</key>
			<string>PBXGroup</string>
			<key>path</key>
			<string>libWeiboSDK</string>
			<key>sourceTree</key>
			<string>&lt;group&gt;</string>
		</dict>
		<key>18F1361518C1C5E900436637</key>
		<dict>
			<key>isa</key>
			<string>PBXFileReference</string>
			<key>lastKnownFileType</key>
			<string>archive.ar</string>
			<key>path</key>
			<string>libWeiboSDK.a</string>
			<key>sourceTree</key>
			<string>&lt;group&gt;</string>
		</dict>
		<key>18F1361618C1C5E900436637</key>
		<dict>
			<key>isa</key>
			<string>PBXFileReference</string>
			<key>lastKnownFileType</key>
			<string>wrapper.plug-in</string>
			<key>path</key>
			<string>WeiboSDK.bundle</string>
			<key>sourceTree</key>
			<string>&lt;group&gt;</string>
		</dict>
		<key>18F1361718C1C5E900436637</key>
		<dict>
			<key>fileEncoding</key>
			<string>4</string>
			<key>isa</key>
			<string>PBXFileReference</string>
			<key>lastKnownFileType</key>
			<string>sourcecode.c.h</string>
			<key>path</key>
			<string>WeiboSDK.h</string>
			<key>sourceTree</key>
			<string>&lt;group&gt;</string>
		</dict>
		<key>18F1361818C1C5E900436637</key>
		<dict>
			<key>fileRef</key>
			<string>18F1361518C1C5E900436637</string>
			<key>isa</key>
			<string>PBXBuildFile</string>
		</dict>
		<key>18F1361918C1C5E900436637</key>
		<dict>
			<key>fileRef</key>
			<string>18F1361618C1C5E900436637</string>
			<key>isa</key>
			<string>PBXBuildFile</string>
		</dict>
		<key>18F1361D18C1C78700436637</key>
		<dict>
			<key>fileEncoding</key>
			<string>4</string>
			<key>isa</key>
			<string>PBXFileReference</string>
			<key>lastKnownFileType</key>
			<string>sourcecode.c.h</string>
			<key>path</key>
			<string>LoginViewController.h</string>
			<key>sourceTree</key>
			<string>&lt;group&gt;</string>
		</dict>
		<key>18F1361E18C1C78700436637</key>
		<dict>
			<key>fileEncoding</key>
			<string>4</string>
			<key>isa</key>
			<string>PBXFileReference</string>
			<key>lastKnownFileType</key>
			<string>sourcecode.c.objc</string>
			<key>path</key>
			<string>LoginViewController.m</string>
			<key>sourceTree</key>
			<string>&lt;group&gt;</string>
		</dict>
		<key>18F1361F18C1C78700436637</key>
		<dict>
			<key>fileRef</key>
			<string>18F1361E18C1C78700436637</string>
			<key>isa</key>
			<string>PBXBuildFile</string>
		</dict>
		<key>18F1362018C1CD0E00436637</key>
		<dict>
			<key>isa</key>
			<string>PBXFileReference</string>
			<key>lastKnownFileType</key>
			<string>image.png</string>
			<key>path</key>
			<string>me2013_s.png</string>
			<key>sourceTree</key>
			<string>&lt;group&gt;</string>
		</dict>
		<key>18F1362118C1CD0E00436637</key>
		<dict>
			<key>fileRef</key>
			<string>18F1362018C1CD0E00436637</string>
			<key>isa</key>
			<string>PBXBuildFile</string>
		</dict>
		<key>2B35E409725B4CBF8A869CB7</key>
		<dict>
			<key>buildActionMask</key>
			<string>2147483647</string>
			<key>files</key>
			<array/>
			<key>inputPaths</key>
			<array/>
			<key>isa</key>
			<string>PBXShellScriptBuildPhase</string>
			<key>name</key>
			<string>Check Pods Manifest.lock</string>
			<key>outputPaths</key>
			<array/>
			<key>runOnlyForDeploymentPostprocessing</key>
			<string>0</string>
			<key>shellPath</key>
			<string>/bin/sh</string>
			<key>shellScript</key>
			<string>diff "${PODS_ROOT}/../Podfile.lock" "${PODS_ROOT}/Manifest.lock" &gt; /dev/null
if [[ $? != 0 ]] ; then
    cat &lt;&lt; EOM
error: The sandbox is not in sync with the Podfile.lock. Run 'pod install' or update your CocoaPods installation.
EOM
    exit 1
fi
</string>
			<key>showEnvVarsInLog</key>
			<string>0</string>
		</dict>
		<key>2D1EF6603394442F9C0898D1</key>
		<dict>
			<key>fileRef</key>
			<string>ABE5541E5B244616AD3C6629</string>
			<key>isa</key>
			<string>PBXBuildFile</string>
		</dict>
		<key>982608289C7641ECB304577B</key>
		<dict>
			<key>includeInIndex</key>
			<string>1</string>
			<key>isa</key>
			<string>PBXFileReference</string>
			<key>lastKnownFileType</key>
			<string>text.xcconfig</string>
			<key>name</key>
			<string>Pods.xcconfig</string>
			<key>path</key>
			<string>Pods/Pods.xcconfig</string>
			<key>sourceTree</key>
			<string>&lt;group&gt;</string>
		</dict>
		<key>ABE5541E5B244616AD3C6629</key>
		<dict>
			<key>explicitFileType</key>
			<string>archive.ar</string>
			<key>includeInIndex</key>
			<string>0</string>
			<key>isa</key>
			<string>PBXFileReference</string>
			<key>path</key>
			<string>libPods.a</string>
			<key>sourceTree</key>
			<string>BUILT_PRODUCTS_DIR</string>
		</dict>
		<key>CF2BC91618019D6100C66D15</key>
		<dict>
			<key>children</key>
			<array>
				<string>18F1362018C1CD0E00436637</string>
				<string>18F1361418C1C5E900436637</string>
				<string>CF2BC92818019D6100C66D15</string>
				<string>CF2BC94118019D6100C66D15</string>
				<string>CF2BC92118019D6100C66D15</string>
				<string>CF2BC92018019D6100C66D15</string>
				<string>982608289C7641ECB304577B</string>
			</array>
			<key>isa</key>
			<string>PBXGroup</string>
			<key>sourceTree</key>
			<string>&lt;group&gt;</string>
		</dict>
		<key>CF2BC91718019D6100C66D15</key>
		<dict>
			<key>attributes</key>
			<dict>
				<key>CLASSPREFIX</key>
				<string>NT</string>
				<key>LastUpgradeCheck</key>
				<string>0500</string>
				<key>ORGANIZATIONNAME</key>
				<string>Nick Toumpelis</string>
				<key>TargetAttributes</key>
				<dict>
					<key>CF2BC91E18019D6100C66D15</key>
					<dict>
						<key>SystemCapabilities</key>
						<dict>
							<key>com.apple.BackgroundModes</key>
							<dict>
								<key>enabled</key>
								<string>1</string>
							</dict>
						</dict>
					</dict>
					<key>CF2BC93918019D6100C66D15</key>
					<dict>
						<key>TestTargetID</key>
						<string>CF2BC91E18019D6100C66D15</string>
					</dict>
				</dict>
			</dict>
			<key>buildConfigurationList</key>
			<string>CF2BC91A18019D6100C66D15</string>
			<key>compatibilityVersion</key>
			<string>Xcode 3.2</string>
			<key>developmentRegion</key>
			<string>English</string>
			<key>hasScannedForEncodings</key>
			<string>0</string>
			<key>isa</key>
			<string>PBXProject</string>
			<key>knownRegions</key>
			<array>
				<string>en</string>
			</array>
			<key>mainGroup</key>
			<string>CF2BC91618019D6100C66D15</string>
			<key>productRefGroup</key>
			<string>CF2BC92018019D6100C66D15</string>
			<key>projectDirPath</key>
			<string></string>
			<key>projectReferences</key>
			<array/>
			<key>projectRoot</key>
			<string></string>
			<key>targets</key>
			<array>
				<string>CF2BC91E18019D6100C66D15</string>
				<string>CF2BC93918019D6100C66D15</string>
			</array>
		</dict>
		<key>CF2BC91A18019D6100C66D15</key>
		<dict>
			<key>buildConfigurations</key>
			<array>
				<string>CF2BC94918019D6100C66D15</string>
				<string>CF2BC94A18019D6100C66D15</string>
			</array>
			<key>defaultConfigurationIsVisible</key>
			<string>0</string>
			<key>defaultConfigurationName</key>
			<string>Release</string>
			<key>isa</key>
			<string>XCConfigurationList</string>
		</dict>
		<key>CF2BC91B18019D6100C66D15</key>
		<dict>
			<key>buildActionMask</key>
			<string>2147483647</string>
			<key>files</key>
			<array>
				<string>CF2BC93318019D6100C66D15</string>
				<string>CF2BC92F18019D6100C66D15</string>
				<string>CF2BC9551801A0C700C66D15</string>
				<string>18F1361F18C1C78700436637</string>
			</array>
			<key>isa</key>
			<string>PBXSourcesBuildPhase</string>
			<key>runOnlyForDeploymentPostprocessing</key>
			<string>0</string>
		</dict>
		<key>CF2BC91C18019D6100C66D15</key>
		<dict>
			<key>buildActionMask</key>
			<string>2147483647</string>
			<key>files</key>
			<array>
				<string>CF2BC9591801A35E00C66D15</string>
				<string>18F1361818C1C5E900436637</string>
				<string>CF2BC9571801A34900C66D15</string>
				<string>CF2BC92518019D6100C66D15</string>
				<string>CF2BC92718019D6100C66D15</string>
				<string>CF2BC92318019D6100C66D15</string>
				<string>2D1EF6603394442F9C0898D1</string>
			</array>
			<key>isa</key>
			<string>PBXFrameworksBuildPhase</string>
			<key>runOnlyForDeploymentPostprocessing</key>
			<string>0</string>
		</dict>
		<key>CF2BC91D18019D6100C66D15</key>
		<dict>
			<key>buildActionMask</key>
			<string>2147483647</string>
			<key>files</key>
			<array>
				<string>CF2BC92D18019D6100C66D15</string>
				<string>CF2BC93518019D6100C66D15</string>
				<string>CF2BC9521801A09D00C66D15</string>
				<string>18F1361918C1C5E900436637</string>
				<string>18F1362118C1CD0E00436637</string>
			</array>
			<key>isa</key>
			<string>PBXResourcesBuildPhase</string>
			<key>runOnlyForDeploymentPostprocessing</key>
			<string>0</string>
		</dict>
		<key>CF2BC91E18019D6100C66D15</key>
		<dict>
			<key>buildConfigurationList</key>
			<string>CF2BC94B18019D6100C66D15</string>
			<key>buildPhases</key>
			<array>
				<string>2B35E409725B4CBF8A869CB7</string>
				<string>CF2BC91B18019D6100C66D15</string>
				<string>CF2BC91C18019D6100C66D15</string>
				<string>CF2BC91D18019D6100C66D15</string>
				<string>E5340C82F4AE4D2287B1BA39</string>
			</array>
			<key>buildRules</key>
			<array/>
			<key>dependencies</key>
			<array/>
			<key>isa</key>
			<string>PBXNativeTarget</string>
			<key>name</key>
			<string>HiBeacons</string>
			<key>productName</key>
			<string>HiBeacons</string>
			<key>productReference</key>
			<string>CF2BC91F18019D6100C66D15</string>
			<key>productType</key>
			<string>com.apple.product-type.application</string>
		</dict>
		<key>CF2BC91F18019D6100C66D15</key>
		<dict>
			<key>explicitFileType</key>
			<string>wrapper.application</string>
			<key>includeInIndex</key>
			<string>0</string>
			<key>isa</key>
			<string>PBXFileReference</string>
			<key>path</key>
			<string>HiBeacons.app</string>
			<key>sourceTree</key>
			<string>BUILT_PRODUCTS_DIR</string>
		</dict>
		<key>CF2BC92018019D6100C66D15</key>
		<dict>
			<key>children</key>
			<array>
				<string>CF2BC91F18019D6100C66D15</string>
				<string>CF2BC93A18019D6100C66D15</string>
			</array>
			<key>isa</key>
			<string>PBXGroup</string>
			<key>name</key>
			<string>Products</string>
			<key>sourceTree</key>
			<string>&lt;group&gt;</string>
		</dict>
		<key>CF2BC92118019D6100C66D15</key>
		<dict>
			<key>children</key>
			<array>
				<string>CF2BC9581801A35E00C66D15</string>
				<string>CF2BC9561801A34900C66D15</string>
				<string>CF2BC92218019D6100C66D15</string>
				<string>CF2BC92418019D6100C66D15</string>
				<string>CF2BC92618019D6100C66D15</string>
				<string>CF2BC93B18019D6100C66D15</string>
				<string>ABE5541E5B244616AD3C6629</string>
			</array>
			<key>isa</key>
			<string>PBXGroup</string>
			<key>name</key>
			<string>Frameworks</string>
			<key>sourceTree</key>
			<string>&lt;group&gt;</string>
		</dict>
		<key>CF2BC92218019D6100C66D15</key>
		<dict>
			<key>isa</key>
			<string>PBXFileReference</string>
			<key>lastKnownFileType</key>
			<string>wrapper.framework</string>
			<key>name</key>
			<string>Foundation.framework</string>
			<key>path</key>
			<string>System/Library/Frameworks/Foundation.framework</string>
			<key>sourceTree</key>
			<string>SDKROOT</string>
		</dict>
		<key>CF2BC92318019D6100C66D15</key>
		<dict>
			<key>fileRef</key>
			<string>CF2BC92218019D6100C66D15</string>
			<key>isa</key>
			<string>PBXBuildFile</string>
		</dict>
		<key>CF2BC92418019D6100C66D15</key>
		<dict>
			<key>isa</key>
			<string>PBXFileReference</string>
			<key>lastKnownFileType</key>
			<string>wrapper.framework</string>
			<key>name</key>
			<string>CoreGraphics.framework</string>
			<key>path</key>
			<string>System/Library/Frameworks/CoreGraphics.framework</string>
			<key>sourceTree</key>
			<string>SDKROOT</string>
		</dict>
		<key>CF2BC92518019D6100C66D15</key>
		<dict>
			<key>fileRef</key>
			<string>CF2BC92418019D6100C66D15</string>
			<key>isa</key>
			<string>PBXBuildFile</string>
		</dict>
		<key>CF2BC92618019D6100C66D15</key>
		<dict>
			<key>isa</key>
			<string>PBXFileReference</string>
			<key>lastKnownFileType</key>
			<string>wrapper.framework</string>
			<key>name</key>
			<string>UIKit.framework</string>
			<key>path</key>
			<string>System/Library/Frameworks/UIKit.framework</string>
			<key>sourceTree</key>
			<string>SDKROOT</string>
		</dict>
		<key>CF2BC92718019D6100C66D15</key>
		<dict>
			<key>fileRef</key>
			<string>CF2BC92618019D6100C66D15</string>
			<key>isa</key>
			<string>PBXBuildFile</string>
		</dict>
		<key>CF2BC92818019D6100C66D15</key>
		<dict>
			<key>children</key>
			<array>
				<string>CF2BC93118019D6100C66D15</string>
				<string>CF2BC93218019D6100C66D15</string>
				<string>CF2BC9511801A09D00C66D15</string>
				<string>CF2BC9531801A0C700C66D15</string>
				<string>CF2BC9541801A0C700C66D15</string>
				<string>CF2BC93418019D6100C66D15</string>
				<string>CF2BC92918019D6100C66D15</string>
				<string>18F1361D18C1C78700436637</string>
				<string>18F1361E18C1C78700436637</string>
			</array>
			<key>isa</key>
			<string>PBXGroup</string>
			<key>path</key>
			<string>HiBeacons</string>
			<key>sourceTree</key>
			<string>&lt;group&gt;</string>
		</dict>
		<key>CF2BC92918019D6100C66D15</key>
		<dict>
			<key>children</key>
			<array>
				<string>CF2BC92A18019D6100C66D15</string>
				<string>CF2BC92B18019D6100C66D15</string>
				<string>CF2BC92E18019D6100C66D15</string>
				<string>CF2BC93018019D6100C66D15</string>
			</array>
			<key>isa</key>
			<string>PBXGroup</string>
			<key>name</key>
			<string>Supporting Files</string>
			<key>sourceTree</key>
			<string>&lt;group&gt;</string>
		</dict>
		<key>CF2BC92A18019D6100C66D15</key>
		<dict>
			<key>isa</key>
			<string>PBXFileReference</string>
			<key>lastKnownFileType</key>
			<string>text.plist.xml</string>
			<key>path</key>
			<string>HiBeacons-Info.plist</string>
			<key>sourceTree</key>
			<string>&lt;group&gt;</string>
		</dict>
		<key>CF2BC92B18019D6100C66D15</key>
		<dict>
			<key>children</key>
			<array>
				<string>CF2BC92C18019D6100C66D15</string>
			</array>
			<key>isa</key>
			<string>PBXVariantGroup</string>
			<key>name</key>
			<string>InfoPlist.strings</string>
			<key>sourceTree</key>
			<string>&lt;group&gt;</string>
		</dict>
		<key>CF2BC92C18019D6100C66D15</key>
		<dict>
			<key>isa</key>
			<string>PBXFileReference</string>
			<key>lastKnownFileType</key>
			<string>text.plist.strings</string>
			<key>name</key>
			<string>en</string>
			<key>path</key>
			<string>en.lproj/InfoPlist.strings</string>
			<key>sourceTree</key>
			<string>&lt;group&gt;</string>
		</dict>
		<key>CF2BC92D18019D6100C66D15</key>
		<dict>
			<key>fileRef</key>
			<string>CF2BC92B18019D6100C66D15</string>
			<key>isa</key>
			<string>PBXBuildFile</string>
		</dict>
		<key>CF2BC92E18019D6100C66D15</key>
		<dict>
			<key>isa</key>
			<string>PBXFileReference</string>
			<key>lastKnownFileType</key>
			<string>sourcecode.c.objc</string>
			<key>path</key>
			<string>main.m</string>
			<key>sourceTree</key>
			<string>&lt;group&gt;</string>
		</dict>
		<key>CF2BC92F18019D6100C66D15</key>
		<dict>
			<key>fileRef</key>
			<string>CF2BC92E18019D6100C66D15</string>
			<key>isa</key>
			<string>PBXBuildFile</string>
		</dict>
		<key>CF2BC93018019D6100C66D15</key>
		<dict>
			<key>isa</key>
			<string>PBXFileReference</string>
			<key>lastKnownFileType</key>
			<string>sourcecode.c.h</string>
			<key>path</key>
			<string>HiBeacons-Prefix.pch</string>
			<key>sourceTree</key>
			<string>&lt;group&gt;</string>
		</dict>
		<key>CF2BC93118019D6100C66D15</key>
		<dict>
			<key>isa</key>
			<string>PBXFileReference</string>
			<key>lastKnownFileType</key>
			<string>sourcecode.c.h</string>
			<key>path</key>
			<string>NTHiBeaconsDelegate.h</string>
			<key>sourceTree</key>
			<string>&lt;group&gt;</string>
		</dict>
		<key>CF2BC93218019D6100C66D15</key>
		<dict>
			<key>isa</key>
			<string>PBXFileReference</string>
			<key>lastKnownFileType</key>
			<string>sourcecode.c.objc</string>
			<key>path</key>
			<string>NTHiBeaconsDelegate.m</string>
			<key>sourceTree</key>
			<string>&lt;group&gt;</string>
		</dict>
		<key>CF2BC93318019D6100C66D15</key>
		<dict>
			<key>fileRef</key>
			<string>CF2BC93218019D6100C66D15</string>
			<key>isa</key>
			<string>PBXBuildFile</string>
		</dict>
		<key>CF2BC93418019D6100C66D15</key>
		<dict>
			<key>isa</key>
			<string>PBXFileReference</string>
			<key>lastKnownFileType</key>
			<string>folder.assetcatalog</string>
			<key>path</key>
			<string>Images.xcassets</string>
			<key>sourceTree</key>
			<string>&lt;group&gt;</string>
		</dict>
		<key>CF2BC93518019D6100C66D15</key>
		<dict>
			<key>fileRef</key>
			<string>CF2BC93418019D6100C66D15</string>
			<key>isa</key>
			<string>PBXBuildFile</string>
		</dict>
		<key>CF2BC93618019D6100C66D15</key>
		<dict>
			<key>buildActionMask</key>
			<string>2147483647</string>
			<key>files</key>
			<array>
				<string>CF2BC94818019D6100C66D15</string>
			</array>
			<key>isa</key>
			<string>PBXSourcesBuildPhase</string>
			<key>runOnlyForDeploymentPostprocessing</key>
			<string>0</string>
		</dict>
		<key>CF2BC93718019D6100C66D15</key>
		<dict>
			<key>buildActionMask</key>
			<string>2147483647</string>
			<key>files</key>
			<array>
				<string>CF2BC93C18019D6100C66D15</string>
				<string>CF2BC93E18019D6100C66D15</string>
				<string>CF2BC93D18019D6100C66D15</string>
			</array>
			<key>isa</key>
			<string>PBXFrameworksBuildPhase</string>
			<key>runOnlyForDeploymentPostprocessing</key>
			<string>0</string>
		</dict>
		<key>CF2BC93818019D6100C66D15</key>
		<dict>
			<key>buildActionMask</key>
			<string>2147483647</string>
			<key>files</key>
			<array>
				<string>CF2BC94618019D6100C66D15</string>
			</array>
			<key>isa</key>
			<string>PBXResourcesBuildPhase</string>
			<key>runOnlyForDeploymentPostprocessing</key>
			<string>0</string>
		</dict>
		<key>CF2BC93918019D6100C66D15</key>
		<dict>
			<key>buildConfigurationList</key>
			<string>CF2BC94E18019D6100C66D15</string>
			<key>buildPhases</key>
			<array>
				<string>CF2BC93618019D6100C66D15</string>
				<string>CF2BC93718019D6100C66D15</string>
				<string>CF2BC93818019D6100C66D15</string>
			</array>
			<key>buildRules</key>
			<array/>
			<key>dependencies</key>
			<array>
				<string>CF2BC94018019D6100C66D15</string>
			</array>
			<key>isa</key>
			<string>PBXNativeTarget</string>
			<key>name</key>
			<string>HiBeaconsTests</string>
			<key>productName</key>
			<string>HiBeaconsTests</string>
			<key>productReference</key>
			<string>CF2BC93A18019D6100C66D15</string>
			<key>productType</key>
			<string>com.apple.product-type.bundle.unit-test</string>
		</dict>
		<key>CF2BC93A18019D6100C66D15</key>
		<dict>
			<key>explicitFileType</key>
			<string>wrapper.cfbundle</string>
			<key>includeInIndex</key>
			<string>0</string>
			<key>isa</key>
			<string>PBXFileReference</string>
			<key>path</key>
			<string>HiBeaconsTests.xctest</string>
			<key>sourceTree</key>
			<string>BUILT_PRODUCTS_DIR</string>
		</dict>
		<key>CF2BC93B18019D6100C66D15</key>
		<dict>
			<key>isa</key>
			<string>PBXFileReference</string>
			<key>lastKnownFileType</key>
			<string>wrapper.framework</string>
			<key>name</key>
			<string>XCTest.framework</string>
			<key>path</key>
			<string>Library/Frameworks/XCTest.framework</string>
			<key>sourceTree</key>
			<string>DEVELOPER_DIR</string>
		</dict>
		<key>CF2BC93C18019D6100C66D15</key>
		<dict>
			<key>fileRef</key>
			<string>CF2BC93B18019D6100C66D15</string>
			<key>isa</key>
			<string>PBXBuildFile</string>
		</dict>
		<key>CF2BC93D18019D6100C66D15</key>
		<dict>
			<key>fileRef</key>
			<string>CF2BC92218019D6100C66D15</string>
			<key>isa</key>
			<string>PBXBuildFile</string>
		</dict>
		<key>CF2BC93E18019D6100C66D15</key>
		<dict>
			<key>fileRef</key>
			<string>CF2BC92618019D6100C66D15</string>
			<key>isa</key>
			<string>PBXBuildFile</string>
		</dict>
		<key>CF2BC93F18019D6100C66D15</key>
		<dict>
			<key>containerPortal</key>
			<string>CF2BC91718019D6100C66D15</string>
			<key>isa</key>
			<string>PBXContainerItemProxy</string>
			<key>proxyType</key>
			<string>1</string>
			<key>remoteGlobalIDString</key>
			<string>CF2BC91E18019D6100C66D15</string>
			<key>remoteInfo</key>
			<string>HiBeacons</string>
		</dict>
		<key>CF2BC94018019D6100C66D15</key>
		<dict>
			<key>isa</key>
			<string>PBXTargetDependency</string>
			<key>target</key>
			<string>CF2BC91E18019D6100C66D15</string>
			<key>targetProxy</key>
			<string>CF2BC93F18019D6100C66D15</string>
		</dict>
		<key>CF2BC94118019D6100C66D15</key>
		<dict>
			<key>children</key>
			<array>
				<string>CF2BC94718019D6100C66D15</string>
				<string>CF2BC94218019D6100C66D15</string>
			</array>
			<key>isa</key>
			<string>PBXGroup</string>
			<key>path</key>
			<string>HiBeaconsTests</string>
			<key>sourceTree</key>
			<string>&lt;group&gt;</string>
		</dict>
		<key>CF2BC94218019D6100C66D15</key>
		<dict>
			<key>children</key>
			<array>
				<string>CF2BC94318019D6100C66D15</string>
				<string>CF2BC94418019D6100C66D15</string>
			</array>
			<key>isa</key>
			<string>PBXGroup</string>
			<key>name</key>
			<string>Supporting Files</string>
			<key>sourceTree</key>
			<string>&lt;group&gt;</string>
		</dict>
		<key>CF2BC94318019D6100C66D15</key>
		<dict>
			<key>isa</key>
			<string>PBXFileReference</string>
			<key>lastKnownFileType</key>
			<string>text.plist.xml</string>
			<key>path</key>
			<string>HiBeaconsTests-Info.plist</string>
			<key>sourceTree</key>
			<string>&lt;group&gt;</string>
		</dict>
		<key>CF2BC94418019D6100C66D15</key>
		<dict>
			<key>children</key>
			<array>
				<string>CF2BC94518019D6100C66D15</string>
			</array>
			<key>isa</key>
			<string>PBXVariantGroup</string>
			<key>name</key>
			<string>InfoPlist.strings</string>
			<key>sourceTree</key>
			<string>&lt;group&gt;</string>
		</dict>
		<key>CF2BC94518019D6100C66D15</key>
		<dict>
			<key>isa</key>
			<string>PBXFileReference</string>
			<key>lastKnownFileType</key>
			<string>text.plist.strings</string>
			<key>name</key>
			<string>en</string>
			<key>path</key>
			<string>en.lproj/InfoPlist.strings</string>
			<key>sourceTree</key>
			<string>&lt;group&gt;</string>
		</dict>
		<key>CF2BC94618019D6100C66D15</key>
		<dict>
			<key>fileRef</key>
			<string>CF2BC94418019D6100C66D15</string>
			<key>isa</key>
			<string>PBXBuildFile</string>
		</dict>
		<key>CF2BC94718019D6100C66D15</key>
		<dict>
			<key>isa</key>
			<string>PBXFileReference</string>
			<key>lastKnownFileType</key>
			<string>sourcecode.c.objc</string>
			<key>path</key>
			<string>HiBeaconsTests.m</string>
			<key>sourceTree</key>
			<string>&lt;group&gt;</string>
		</dict>
		<key>CF2BC94818019D6100C66D15</key>
		<dict>
			<key>fileRef</key>
			<string>CF2BC94718019D6100C66D15</string>
			<key>isa</key>
			<string>PBXBuildFile</string>
		</dict>
		<key>CF2BC94918019D6100C66D15</key>
		<dict>
			<key>buildSettings</key>
			<dict>
				<key>ALWAYS_SEARCH_USER_PATHS</key>
				<string>NO</string>
				<key>ARCHS</key>
				<string>$(ARCHS_STANDARD_INCLUDING_64_BIT)</string>
				<key>CLANG_CXX_LANGUAGE_STANDARD</key>
				<string>gnu++0x</string>
				<key>CLANG_CXX_LIBRARY</key>
				<string>libc++</string>
				<key>CLANG_ENABLE_MODULES</key>
				<string>YES</string>
				<key>CLANG_ENABLE_OBJC_ARC</key>
				<string>YES</string>
				<key>CLANG_WARN_BOOL_CONVERSION</key>
				<string>YES</string>
				<key>CLANG_WARN_CONSTANT_CONVERSION</key>
				<string>YES</string>
				<key>CLANG_WARN_DIRECT_OBJC_ISA_USAGE</key>
				<string>YES_ERROR</string>
				<key>CLANG_WARN_EMPTY_BODY</key>
				<string>YES</string>
				<key>CLANG_WARN_ENUM_CONVERSION</key>
				<string>YES</string>
				<key>CLANG_WARN_INT_CONVERSION</key>
				<string>YES</string>
				<key>CLANG_WARN_OBJC_ROOT_CLASS</key>
				<string>YES_ERROR</string>
				<key>CLANG_WARN__DUPLICATE_METHOD_MATCH</key>
				<string>YES</string>
				<key>CODE_SIGN_IDENTITY[sdk=iphoneos*]</key>
				<string>iPhone Developer</string>
				<key>COPY_PHASE_STRIP</key>
				<string>NO</string>
				<key>GCC_C_LANGUAGE_STANDARD</key>
				<string>gnu99</string>
				<key>GCC_DYNAMIC_NO_PIC</key>
				<string>NO</string>
				<key>GCC_OPTIMIZATION_LEVEL</key>
				<string>0</string>
				<key>GCC_PREPROCESSOR_DEFINITIONS</key>
				<array>
					<string>DEBUG=1</string>
					<string>$(inherited)</string>
				</array>
				<key>GCC_SYMBOLS_PRIVATE_EXTERN</key>
				<string>NO</string>
				<key>GCC_WARN_64_TO_32_BIT_CONVERSION</key>
				<string>YES</string>
				<key>GCC_WARN_ABOUT_RETURN_TYPE</key>
				<string>YES_ERROR</string>
				<key>GCC_WARN_UNDECLARED_SELECTOR</key>
				<string>YES</string>
				<key>GCC_WARN_UNINITIALIZED_AUTOS</key>
				<string>YES</string>
				<key>GCC_WARN_UNUSED_FUNCTION</key>
				<string>YES</string>
				<key>GCC_WARN_UNUSED_VARIABLE</key>
				<string>YES</string>
				<key>IPHONEOS_DEPLOYMENT_TARGET</key>
				<string>7.0</string>
				<key>ONLY_ACTIVE_ARCH</key>
				<string>YES</string>
				<key>SDKROOT</key>
				<string>iphoneos</string>
			</dict>
			<key>isa</key>
			<string>XCBuildConfiguration</string>
			<key>name</key>
			<string>Debug</string>
		</dict>
		<key>CF2BC94A18019D6100C66D15</key>
		<dict>
			<key>buildSettings</key>
			<dict>
				<key>ALWAYS_SEARCH_USER_PATHS</key>
				<string>NO</string>
				<key>ARCHS</key>
				<string>$(ARCHS_STANDARD_INCLUDING_64_BIT)</string>
				<key>CLANG_CXX_LANGUAGE_STANDARD</key>
				<string>gnu++0x</string>
				<key>CLANG_CXX_LIBRARY</key>
				<string>libc++</string>
				<key>CLANG_ENABLE_MODULES</key>
				<string>YES</string>
				<key>CLANG_ENABLE_OBJC_ARC</key>
				<string>YES</string>
				<key>CLANG_WARN_BOOL_CONVERSION</key>
				<string>YES</string>
				<key>CLANG_WARN_CONSTANT_CONVERSION</key>
				<string>YES</string>
				<key>CLANG_WARN_DIRECT_OBJC_ISA_USAGE</key>
				<string>YES_ERROR</string>
				<key>CLANG_WARN_EMPTY_BODY</key>
				<string>YES</string>
				<key>CLANG_WARN_ENUM_CONVERSION</key>
				<string>YES</string>
				<key>CLANG_WARN_INT_CONVERSION</key>
				<string>YES</string>
				<key>CLANG_WARN_OBJC_ROOT_CLASS</key>
				<string>YES_ERROR</string>
				<key>CLANG_WARN__DUPLICATE_METHOD_MATCH</key>
				<string>YES</string>
				<key>CODE_SIGN_IDENTITY[sdk=iphoneos*]</key>
				<string>iPhone Developer</string>
				<key>COPY_PHASE_STRIP</key>
				<string>YES</string>
				<key>ENABLE_NS_ASSERTIONS</key>
				<string>NO</string>
				<key>GCC_C_LANGUAGE_STANDARD</key>
				<string>gnu99</string>
				<key>GCC_WARN_64_TO_32_BIT_CONVERSION</key>
				<string>YES</string>
				<key>GCC_WARN_ABOUT_RETURN_TYPE</key>
				<string>YES_ERROR</string>
				<key>GCC_WARN_UNDECLARED_SELECTOR</key>
				<string>YES</string>
				<key>GCC_WARN_UNINITIALIZED_AUTOS</key>
				<string>YES</string>
				<key>GCC_WARN_UNUSED_FUNCTION</key>
				<string>YES</string>
				<key>GCC_WARN_UNUSED_VARIABLE</key>
				<string>YES</string>
				<key>IPHONEOS_DEPLOYMENT_TARGET</key>
				<string>7.0</string>
				<key>SDKROOT</key>
				<string>iphoneos</string>
				<key>VALIDATE_PRODUCT</key>
				<string>YES</string>
			</dict>
			<key>isa</key>
			<string>XCBuildConfiguration</string>
			<key>name</key>
			<string>Release</string>
		</dict>
		<key>CF2BC94B18019D6100C66D15</key>
		<dict>
			<key>buildConfigurations</key>
			<array>
				<string>CF2BC94C18019D6100C66D15</string>
				<string>CF2BC94D18019D6100C66D15</string>
			</array>
			<key>defaultConfigurationIsVisible</key>
			<string>0</string>
			<key>defaultConfigurationName</key>
			<string>Release</string>
			<key>isa</key>
			<string>XCConfigurationList</string>
		</dict>
		<key>CF2BC94C18019D6100C66D15</key>
		<dict>
			<key>baseConfigurationReference</key>
			<string>982608289C7641ECB304577B</string>
			<key>buildSettings</key>
			<dict>
				<key>ASSETCATALOG_COMPILER_APPICON_NAME</key>
				<string>AppIcon</string>
				<key>ASSETCATALOG_COMPILER_LAUNCHIMAGE_NAME</key>
				<string>LaunchImage</string>
				<key>GCC_PRECOMPILE_PREFIX_HEADER</key>
				<string>YES</string>
				<key>GCC_PREFIX_HEADER</key>
				<string>HiBeacons/HiBeacons-Prefix.pch</string>
				<key>INFOPLIST_FILE</key>
				<string>HiBeacons/HiBeacons-Info.plist</string>
				<key>LIBRARY_SEARCH_PATHS</key>
				<array>
					<string>$(inherited)</string>
					<string>/Users/apple/workspace/2014Ideas/iBeacons/HiBeacons/libWeiboSDK</string>
				</array>
				<key>PRODUCT_NAME</key>
				<string>$(TARGET_NAME)</string>
				<key>WRAPPER_EXTENSION</key>
				<string>app</string>
			</dict>
			<key>isa</key>
			<string>XCBuildConfiguration</string>
			<key>name</key>
			<string>Debug</string>
		</dict>
		<key>CF2BC94D18019D6100C66D15</key>
		<dict>
			<key>baseConfigurationReference</key>
			<string>982608289C7641ECB304577B</string>
			<key>buildSettings</key>
			<dict>
				<key>ASSETCATALOG_COMPILER_APPICON_NAME</key>
				<string>AppIcon</string>
				<key>ASSETCATALOG_COMPILER_LAUNCHIMAGE_NAME</key>
				<string>LaunchImage</string>
				<key>GCC_PRECOMPILE_PREFIX_HEADER</key>
				<string>YES</string>
				<key>GCC_PREFIX_HEADER</key>
				<string>HiBeacons/HiBeacons-Prefix.pch</string>
				<key>INFOPLIST_FILE</key>
				<string>HiBeacons/HiBeacons-Info.plist</string>
				<key>LIBRARY_SEARCH_PATHS</key>
				<array>
					<string>$(inherited)</string>
					<string>/Users/apple/workspace/2014Ideas/iBeacons/HiBeacons/libWeiboSDK</string>
				</array>
				<key>PRODUCT_NAME</key>
				<string>$(TARGET_NAME)</string>
				<key>WRAPPER_EXTENSION</key>
				<string>app</string>
			</dict>
			<key>isa</key>
			<string>XCBuildConfiguration</string>
			<key>name</key>
			<string>Release</string>
		</dict>
		<key>CF2BC94E18019D6100C66D15</key>
		<dict>
			<key>buildConfigurations</key>
			<array>
				<string>CF2BC94F18019D6100C66D15</string>
				<string>CF2BC95018019D6100C66D15</string>
			</array>
			<key>defaultConfigurationIsVisible</key>
			<string>0</string>
			<key>defaultConfigurationName</key>
			<string>Release</string>
			<key>isa</key>
			<string>XCConfigurationList</string>
		</dict>
		<key>CF2BC94F18019D6100C66D15</key>
		<dict>
			<key>buildSettings</key>
			<dict>
				<key>ARCHS</key>
				<string>$(ARCHS_STANDARD_INCLUDING_64_BIT)</string>
				<key>BUNDLE_LOADER</key>
				<string>$(BUILT_PRODUCTS_DIR)/HiBeacons.app/HiBeacons</string>
				<key>FRAMEWORK_SEARCH_PATHS</key>
				<array>
					<string>$(SDKROOT)/Developer/Library/Frameworks</string>
					<string>$(inherited)</string>
					<string>$(DEVELOPER_FRAMEWORKS_DIR)</string>
				</array>
				<key>GCC_PRECOMPILE_PREFIX_HEADER</key>
				<string>YES</string>
				<key>GCC_PREFIX_HEADER</key>
				<string>HiBeacons/HiBeacons-Prefix.pch</string>
				<key>GCC_PREPROCESSOR_DEFINITIONS</key>
				<array>
					<string>DEBUG=1</string>
					<string>$(inherited)</string>
				</array>
				<key>INFOPLIST_FILE</key>
				<string>HiBeaconsTests/HiBeaconsTests-Info.plist</string>
				<key>PRODUCT_NAME</key>
				<string>$(TARGET_NAME)</string>
				<key>TEST_HOST</key>
				<string>$(BUNDLE_LOADER)</string>
				<key>WRAPPER_EXTENSION</key>
				<string>xctest</string>
			</dict>
			<key>isa</key>
			<string>XCBuildConfiguration</string>
			<key>name</key>
			<string>Debug</string>
		</dict>
		<key>CF2BC95018019D6100C66D15</key>
		<dict>
			<key>buildSettings</key>
			<dict>
				<key>ARCHS</key>
				<string>$(ARCHS_STANDARD_INCLUDING_64_BIT)</string>
				<key>BUNDLE_LOADER</key>
				<string>$(BUILT_PRODUCTS_DIR)/HiBeacons.app/HiBeacons</string>
				<key>FRAMEWORK_SEARCH_PATHS</key>
				<array>
					<string>$(SDKROOT)/Developer/Library/Frameworks</string>
					<string>$(inherited)</string>
					<string>$(DEVELOPER_FRAMEWORKS_DIR)</string>
				</array>
				<key>GCC_PRECOMPILE_PREFIX_HEADER</key>
				<string>YES</string>
				<key>GCC_PREFIX_HEADER</key>
				<string>HiBeacons/HiBeacons-Prefix.pch</string>
				<key>INFOPLIST_FILE</key>
				<string>HiBeaconsTests/HiBeaconsTests-Info.plist</string>
				<key>PRODUCT_NAME</key>
				<string>$(TARGET_NAME)</string>
				<key>TEST_HOST</key>
				<string>$(BUNDLE_LOADER)</string>
				<key>WRAPPER_EXTENSION</key>
				<string>xctest</string>
			</dict>
			<key>isa</key>
			<string>XCBuildConfiguration</string>
			<key>name</key>
			<string>Release</string>
		</dict>
		<key>CF2BC9511801A09D00C66D15</key>
		<dict>
			<key>fileEncoding</key>
			<string>4</string>
			<key>isa</key>
			<string>PBXFileReference</string>
			<key>lastKnownFileType</key>
			<string>file.storyboard</string>
			<key>path</key>
			<string>Main.storyboard</string>
			<key>sourceTree</key>
			<string>&lt;group&gt;</string>
		</dict>
		<key>CF2BC9521801A09D00C66D15</key>
		<dict>
			<key>fileRef</key>
			<string>CF2BC9511801A09D00C66D15</string>
			<key>isa</key>
			<string>PBXBuildFile</string>
		</dict>
		<key>CF2BC9531801A0C700C66D15</key>
		<dict>
			<key>fileEncoding</key>
			<string>4</string>
			<key>isa</key>
			<string>PBXFileReference</string>
			<key>lastKnownFileType</key>
			<string>sourcecode.c.h</string>
			<key>path</key>
			<string>NTViewController.h</string>
			<key>sourceTree</key>
			<string>&lt;group&gt;</string>
		</dict>
		<key>CF2BC9541801A0C700C66D15</key>
		<dict>
			<key>fileEncoding</key>
			<string>4</string>
			<key>isa</key>
			<string>PBXFileReference</string>
			<key>lastKnownFileType</key>
			<string>sourcecode.c.objc</string>
			<key>path</key>
			<string>NTViewController.m</string>
			<key>sourceTree</key>
			<string>&lt;group&gt;</string>
		</dict>
		<key>CF2BC9551801A0C700C66D15</key>
		<dict>
			<key>fileRef</key>
			<string>CF2BC9541801A0C700C66D15</string>
			<key>isa</key>
			<string>PBXBuildFile</string>
		</dict>
		<key>CF2BC9561801A34900C66D15</key>
		<dict>
			<key>isa</key>
			<string>PBXFileReference</string>
			<key>lastKnownFileType</key>
			<string>wrapper.framework</string>
			<key>name</key>
			<string>CoreBluetooth.framework</string>
			<key>path</key>
			<string>System/Library/Frameworks/CoreBluetooth.framework</string>
			<key>sourceTree</key>
			<string>SDKROOT</string>
		</dict>
		<key>CF2BC9571801A34900C66D15</key>
		<dict>
			<key>fileRef</key>
			<string>CF2BC9561801A34900C66D15</string>
			<key>isa</key>
			<string>PBXBuildFile</string>
		</dict>
		<key>CF2BC9581801A35E00C66D15</key>
		<dict>
			<key>isa</key>
			<string>PBXFileReference</string>
			<key>lastKnownFileType</key>
			<string>wrapper.framework</string>
			<key>name</key>
			<string>CoreLocation.framework</string>
			<key>path</key>
			<string>System/Library/Frameworks/CoreLocation.framework</string>
			<key>sourceTree</key>
			<string>SDKROOT</string>
		</dict>
		<key>CF2BC9591801A35E00C66D15</key>
		<dict>
			<key>fileRef</key>
			<string>CF2BC9581801A35E00C66D15</string>
			<key>isa</key>
			<string>PBXBuildFile</string>
		</dict>
		<key>E5340C82F4AE4D2287B1BA39</key>
		<dict>
			<key>buildActionMask</key>
			<string>2147483647</string>
			<key>files</key>
			<array/>
			<key>inputPaths</key>
			<array/>
			<key>isa</key>
			<string>PBXShellScriptBuildPhase</string>
			<key>name</key>
			<string>Copy Pods Resources</string>
			<key>outputPaths</key>
			<array/>
			<key>runOnlyForDeploymentPostprocessing</key>
			<string>0</string>
			<key>shellPath</key>
			<string>/bin/sh</string>
			<key>shellScript</key>
			<string>"${SRCROOT}/Pods/Pods-resources.sh"
</string>
			<key>showEnvVarsInLog</key>
			<string>0</string>
		</dict>
	</dict>
	<key>rootObject</key>
	<string>CF2BC91718019D6100C66D15</string>
</dict>
</plist>
